// !$*UTF8*$!
{
	archiveVersion = 1;
	classes = {
	};
	objectVersion = 56;
	objects = {

/* Begin PBXBuildFile section */
		1F12DE5D2D0B74D40074145F /* CustomTextField.swift in Sources */ = {isa = PBXBuildFile; fileRef = 1F12DE5C2D0B74D40074145F /* CustomTextField.swift */; };
		1F4B04EF2D0B680600414D6D /* birEsnafApp.swift in Sources */ = {isa = PBXBuildFile; fileRef = 1F4B04EE2D0B680600414D6D /* birEsnafApp.swift */; };
		1F4B04F12D0B680600414D6D /* ContentView.swift in Sources */ = {isa = PBXBuildFile; fileRef = 1F4B04F02D0B680600414D6D /* ContentView.swift */; };
		1F4B04F32D0B680700414D6D /* Assets.xcassets in Resources */ = {isa = PBXBuildFile; fileRef = 1F4B04F22D0B680700414D6D /* Assets.xcassets */; };
		1F4B04F62D0B680700414D6D /* Preview Assets.xcassets in Resources */ = {isa = PBXBuildFile; fileRef = 1F4B04F52D0B680700414D6D /* Preview Assets.xcassets */; };
		1F4B04FE2D0B69B000414D6D /* Login.swift in Sources */ = {isa = PBXBuildFile; fileRef = 1F4B04FD2D0B69B000414D6D /* Login.swift */; };
		1F4B05012D0B6B5F00414D6D /* View+Extensions.swift in Sources */ = {isa = PBXBuildFile; fileRef = 1F4B05002D0B6B5F00414D6D /* View+Extensions.swift */; };
		1F534EF02D1899990078C22B /* MainTabView.swift in Sources */ = {isa = PBXBuildFile; fileRef = 1F534EEF2D1899990078C22B /* MainTabView.swift */; };
		1F534EF22D1899C20078C22B /* ProductView.swift in Sources */ = {isa = PBXBuildFile; fileRef = 1F534EF12D1899C20078C22B /* ProductView.swift */; };
		1F534EF42D1899D20078C22B /* CompanyView.swift in Sources */ = {isa = PBXBuildFile; fileRef = 1F534EF32D1899D20078C22B /* CompanyView.swift */; };
		1F534EF62D1899E40078C22B /* ShopView.swift in Sources */ = {isa = PBXBuildFile; fileRef = 1F534EF52D1899E40078C22B /* ShopView.swift */; };
		1F5DACE62D119CC1000FD99F /* LoginView.swift in Sources */ = {isa = PBXBuildFile; fileRef = 1F5DACE52D119CC1000FD99F /* LoginView.swift */; };
		1F5DACE82D119FB6000FD99F /* InputView.swift in Sources */ = {isa = PBXBuildFile; fileRef = 1F5DACE72D119FB6000FD99F /* InputView.swift */; };
		1F5DACEA2D11A117000FD99F /* Constants.swift in Sources */ = {isa = PBXBuildFile; fileRef = 1F5DACE92D11A117000FD99F /* Constants.swift */; };
		1F5DACEC2D11EDF5000FD99F /* RegistrationView.swift in Sources */ = {isa = PBXBuildFile; fileRef = 1F5DACEB2D11EDF5000FD99F /* RegistrationView.swift */; };
		1F5DACEE2D11F71B000FD99F /* ProfileView.swift in Sources */ = {isa = PBXBuildFile; fileRef = 1F5DACED2D11F71B000FD99F /* ProfileView.swift */; };
		1F5DACF02D11FACF000FD99F /* SettingsRowView.swift in Sources */ = {isa = PBXBuildFile; fileRef = 1F5DACEF2D11FACF000FD99F /* SettingsRowView.swift */; };
		1F5DACF22D11FCBD000FD99F /* User.swift in Sources */ = {isa = PBXBuildFile; fileRef = 1F5DACF12D11FCBD000FD99F /* User.swift */; };
		1F6C5E9A2D14023300D8FC04 /* FirebaseFirestore in Frameworks */ = {isa = PBXBuildFile; productRef = 1F6C5E992D14023300D8FC04 /* FirebaseFirestore */; };
		1F6C5E9C2D14024C00D8FC04 /* FirebaseStorage in Frameworks */ = {isa = PBXBuildFile; productRef = 1F6C5E9B2D14024C00D8FC04 /* FirebaseStorage */; };
		1F87E0B42D12D74F00E974E5 /* GoogleService-Info.plist in Resources */ = {isa = PBXBuildFile; fileRef = 1F87E0B32D12D74E00E974E5 /* GoogleService-Info.plist */; };
		1F87E0BA2D12DA0E00E974E5 /* AuthViewModel.swift in Sources */ = {isa = PBXBuildFile; fileRef = 1F87E0B92D12DA0E00E974E5 /* AuthViewModel.swift */; };
		1FA970E12D0C6690005BC270 /* GradientButton.swift in Sources */ = {isa = PBXBuildFile; fileRef = 1FA970E02D0C6690005BC270 /* GradientButton.swift */; };
		1FD400BF2D0E0875000615D9 /* SignUp.swift in Sources */ = {isa = PBXBuildFile; fileRef = 1FD400BE2D0E0875000615D9 /* SignUp.swift */; };
		1FD400C12D0E0EC5000615D9 /* ForgotPassword.swift in Sources */ = {isa = PBXBuildFile; fileRef = 1FD400C02D0E0EC5000615D9 /* ForgotPassword.swift */; };
		1FD400C32D0E1C5C000615D9 /* PasswordResetView.swift in Sources */ = {isa = PBXBuildFile; fileRef = 1FD400C22D0E1C5C000615D9 /* PasswordResetView.swift */; };
		1FD400C52D0E1E7A000615D9 /* OTPView.swift in Sources */ = {isa = PBXBuildFile; fileRef = 1FD400C42D0E1E7A000615D9 /* OTPView.swift */; };
		1FD400CA2D10BBF9000615D9 /* FirebaseAnalytics in Frameworks */ = {isa = PBXBuildFile; productRef = 1FD400C92D10BBF9000615D9 /* FirebaseAnalytics */; };
		1FD400CC2D10BBF9000615D9 /* FirebaseAuth in Frameworks */ = {isa = PBXBuildFile; productRef = 1FD400CB2D10BBF9000615D9 /* FirebaseAuth */; };
		1FD400CE2D10BBF9000615D9 /* FirebaseAuthCombine-Community in Frameworks */ = {isa = PBXBuildFile; productRef = 1FD400CD2D10BBF9000615D9 /* FirebaseAuthCombine-Community */; };
		1FD400D02D10BBF9000615D9 /* FirebaseDatabase in Frameworks */ = {isa = PBXBuildFile; productRef = 1FD400CF2D10BBF9000615D9 /* FirebaseDatabase */; };
/* End PBXBuildFile section */

/* Begin PBXFileReference section */
		1F12DE5C2D0B74D40074145F /* CustomTextField.swift */ = {isa = PBXFileReference; lastKnownFileType = sourcecode.swift; path = CustomTextField.swift; sourceTree = "<group>"; };
		1F4B04EB2D0B680600414D6D /* birEsnaf.app */ = {isa = PBXFileReference; explicitFileType = wrapper.application; includeInIndex = 0; path = birEsnaf.app; sourceTree = BUILT_PRODUCTS_DIR; };
		1F4B04EE2D0B680600414D6D /* birEsnafApp.swift */ = {isa = PBXFileReference; lastKnownFileType = sourcecode.swift; path = birEsnafApp.swift; sourceTree = "<group>"; };
		1F4B04F02D0B680600414D6D /* ContentView.swift */ = {isa = PBXFileReference; lastKnownFileType = sourcecode.swift; path = ContentView.swift; sourceTree = "<group>"; };
		1F4B04F22D0B680700414D6D /* Assets.xcassets */ = {isa = PBXFileReference; lastKnownFileType = folder.assetcatalog; path = Assets.xcassets; sourceTree = "<group>"; };
		1F4B04F52D0B680700414D6D /* Preview Assets.xcassets */ = {isa = PBXFileReference; lastKnownFileType = folder.assetcatalog; path = "Preview Assets.xcassets"; sourceTree = "<group>"; };
		1F4B04FD2D0B69B000414D6D /* Login.swift */ = {isa = PBXFileReference; lastKnownFileType = sourcecode.swift; path = Login.swift; sourceTree = "<group>"; };
		1F4B05002D0B6B5F00414D6D /* View+Extensions.swift */ = {isa = PBXFileReference; lastKnownFileType = sourcecode.swift; path = "View+Extensions.swift"; sourceTree = "<group>"; };
		1F534EEF2D1899990078C22B /* MainTabView.swift */ = {isa = PBXFileReference; lastKnownFileType = sourcecode.swift; path = MainTabView.swift; sourceTree = "<group>"; };
		1F534EF12D1899C20078C22B /* ProductView.swift */ = {isa = PBXFileReference; lastKnownFileType = sourcecode.swift; path = ProductView.swift; sourceTree = "<group>"; };
		1F534EF32D1899D20078C22B /* CompanyView.swift */ = {isa = PBXFileReference; lastKnownFileType = sourcecode.swift; path = CompanyView.swift; sourceTree = "<group>"; };
		1F534EF52D1899E40078C22B /* ShopView.swift */ = {isa = PBXFileReference; lastKnownFileType = sourcecode.swift; path = ShopView.swift; sourceTree = "<group>"; };
		1F5DACE52D119CC1000FD99F /* LoginView.swift */ = {isa = PBXFileReference; lastKnownFileType = sourcecode.swift; path = LoginView.swift; sourceTree = "<group>"; };
		1F5DACE72D119FB6000FD99F /* InputView.swift */ = {isa = PBXFileReference; lastKnownFileType = sourcecode.swift; path = InputView.swift; sourceTree = "<group>"; };
		1F5DACE92D11A117000FD99F /* Constants.swift */ = {isa = PBXFileReference; lastKnownFileType = sourcecode.swift; path = Constants.swift; sourceTree = "<group>"; };
		1F5DACEB2D11EDF5000FD99F /* RegistrationView.swift */ = {isa = PBXFileReference; lastKnownFileType = sourcecode.swift; path = RegistrationView.swift; sourceTree = "<group>"; };
		1F5DACED2D11F71B000FD99F /* ProfileView.swift */ = {isa = PBXFileReference; lastKnownFileType = sourcecode.swift; path = ProfileView.swift; sourceTree = "<group>"; };
		1F5DACEF2D11FACF000FD99F /* SettingsRowView.swift */ = {isa = PBXFileReference; lastKnownFileType = sourcecode.swift; path = SettingsRowView.swift; sourceTree = "<group>"; };
		1F5DACF12D11FCBD000FD99F /* User.swift */ = {isa = PBXFileReference; lastKnownFileType = sourcecode.swift; path = User.swift; sourceTree = "<group>"; };
		1F87E0B32D12D74E00E974E5 /* GoogleService-Info.plist */ = {isa = PBXFileReference; fileEncoding = 4; lastKnownFileType = text.plist.xml; path = "GoogleService-Info.plist"; sourceTree = "<group>"; };
		1F87E0B92D12DA0E00E974E5 /* AuthViewModel.swift */ = {isa = PBXFileReference; lastKnownFileType = sourcecode.swift; path = AuthViewModel.swift; sourceTree = "<group>"; };
		1FA970E02D0C6690005BC270 /* GradientButton.swift */ = {isa = PBXFileReference; lastKnownFileType = sourcecode.swift; path = GradientButton.swift; sourceTree = "<group>"; };
		1FD400BE2D0E0875000615D9 /* SignUp.swift */ = {isa = PBXFileReference; lastKnownFileType = sourcecode.swift; path = SignUp.swift; sourceTree = "<group>"; };
		1FD400C02D0E0EC5000615D9 /* ForgotPassword.swift */ = {isa = PBXFileReference; lastKnownFileType = sourcecode.swift; path = ForgotPassword.swift; sourceTree = "<group>"; };
		1FD400C22D0E1C5C000615D9 /* PasswordResetView.swift */ = {isa = PBXFileReference; lastKnownFileType = sourcecode.swift; path = PasswordResetView.swift; sourceTree = "<group>"; };
		1FD400C42D0E1E7A000615D9 /* OTPView.swift */ = {isa = PBXFileReference; lastKnownFileType = sourcecode.swift; path = OTPView.swift; sourceTree = "<group>"; };
/* End PBXFileReference section */

/* Begin PBXFrameworksBuildPhase section */
		1F4B04E82D0B680600414D6D /* Frameworks */ = {
			isa = PBXFrameworksBuildPhase;
			buildActionMask = 2147483647;
			files = (
				1FD400CA2D10BBF9000615D9 /* FirebaseAnalytics in Frameworks */,
				1FD400CE2D10BBF9000615D9 /* FirebaseAuthCombine-Community in Frameworks */,
				1FD400D02D10BBF9000615D9 /* FirebaseDatabase in Frameworks */,
				1F6C5E9A2D14023300D8FC04 /* FirebaseFirestore in Frameworks */,
				1FD400CC2D10BBF9000615D9 /* FirebaseAuth in Frameworks */,
				1F6C5E9C2D14024C00D8FC04 /* FirebaseStorage in Frameworks */,
			);
			runOnlyForDeploymentPostprocessing = 0;
		};
/* End PBXFrameworksBuildPhase section */

/* Begin PBXGroup section */
		1F4B04E22D0B680600414D6D = {
			isa = PBXGroup;
			children = (
				1F4B04ED2D0B680600414D6D /* birEsnaf */,
				1F4B04EC2D0B680600414D6D /* Products */,
				1F6C5E982D14023300D8FC04 /* Frameworks */,
			);
			sourceTree = "<group>";
		};
		1F4B04EC2D0B680600414D6D /* Products */ = {
			isa = PBXGroup;
			children = (
				1F4B04EB2D0B680600414D6D /* birEsnaf.app */,
			);
			name = Products;
			sourceTree = "<group>";
		};
		1F4B04ED2D0B680600414D6D /* birEsnaf */ = {
			isa = PBXGroup;
			children = (
				1F87E0B32D12D74E00E974E5 /* GoogleService-Info.plist */,
				1F5DACDD2D119B8F000FD99F /* App */,
				1F4B04FF2D0B6B4400414D6D /* Helpers */,
				1F5DACE02D119BBF000FD99F /* Components */,
				1F5DACE12D119BCD000FD99F /* Core */,
				1F5DACDF2D119BB1000FD99F /* Model */,
				1F4B04FC2D0B694000414D6D /* View */,
				1F4B04F22D0B680700414D6D /* Assets.xcassets */,
				1F4B04F42D0B680700414D6D /* Preview Content */,
			);
			path = birEsnaf;
			sourceTree = "<group>";
		};
		1F4B04F42D0B680700414D6D /* Preview Content */ = {
			isa = PBXGroup;
			children = (
				1F4B04F52D0B680700414D6D /* Preview Assets.xcassets */,
			);
			path = "Preview Content";
			sourceTree = "<group>";
		};
		1F4B04FC2D0B694000414D6D /* View */ = {
			isa = PBXGroup;
			children = (
				1F4B04FD2D0B69B000414D6D /* Login.swift */,
				1F12DE5C2D0B74D40074145F /* CustomTextField.swift */,
				1FA970E02D0C6690005BC270 /* GradientButton.swift */,
				1FD400BE2D0E0875000615D9 /* SignUp.swift */,
				1FD400C02D0E0EC5000615D9 /* ForgotPassword.swift */,
				1FD400C22D0E1C5C000615D9 /* PasswordResetView.swift */,
				1FD400C42D0E1E7A000615D9 /* OTPView.swift */,
			);
			path = View;
			sourceTree = "<group>";
		};
		1F4B04FF2D0B6B4400414D6D /* Helpers */ = {
			isa = PBXGroup;
			children = (
				1F4B05002D0B6B5F00414D6D /* View+Extensions.swift */,
				1F5DACE92D11A117000FD99F /* Constants.swift */,
			);
			path = Helpers;
			sourceTree = "<group>";
		};
		1F534EED2D1899660078C22B /* MainTab */ = {
			isa = PBXGroup;
			children = (
				1F534EEF2D1899990078C22B /* MainTabView.swift */,
				1F534EEE2D18997F0078C22B /* Profile */,
				1F534EF12D1899C20078C22B /* ProductView.swift */,
				1F534EF32D1899D20078C22B /* CompanyView.swift */,
				1F534EF52D1899E40078C22B /* ShopView.swift */,
			);
			path = MainTab;
			sourceTree = "<group>";
		};
		1F534EEE2D18997F0078C22B /* Profile */ = {
			isa = PBXGroup;
			children = (
				1F5DACED2D11F71B000FD99F /* ProfileView.swift */,
			);
			path = Profile;
			sourceTree = "<group>";
		};
		1F5DACDD2D119B8F000FD99F /* App */ = {
			isa = PBXGroup;
			children = (
				1F4B04EE2D0B680600414D6D /* birEsnafApp.swift */,
			);
			name = App;
			sourceTree = "<group>";
		};
		1F5DACDF2D119BB1000FD99F /* Model */ = {
			isa = PBXGroup;
			children = (
				1F5DACF12D11FCBD000FD99F /* User.swift */,
			);
			name = Model;
			sourceTree = "<group>";
		};
		1F5DACE02D119BBF000FD99F /* Components */ = {
			isa = PBXGroup;
			children = (
				1F5DACE72D119FB6000FD99F /* InputView.swift */,
				1F5DACEF2D11FACF000FD99F /* SettingsRowView.swift */,
			);
			name = Components;
			sourceTree = "<group>";
		};
		1F5DACE12D119BCD000FD99F /* Core */ = {
			isa = PBXGroup;
			children = (
				1F534EED2D1899660078C22B /* MainTab */,
				1F5DACE32D119C63000FD99F /* Authentication */,
				1F5DACE22D119C40000FD99F /* Root */,
			);
			name = Core;
			sourceTree = "<group>";
		};
		1F5DACE22D119C40000FD99F /* Root */ = {
			isa = PBXGroup;
			children = (
				1F4B04F02D0B680600414D6D /* ContentView.swift */,
			);
			path = Root;
			sourceTree = "<group>";
		};
		1F5DACE32D119C63000FD99F /* Authentication */ = {
			isa = PBXGroup;
			children = (
				1F87E0B72D12D98C00E974E5 /* Model */,
				1F87E0B82D12D99D00E974E5 /* ViewModel */,
			);
			name = Authentication;
			sourceTree = "<group>";
		};
		1F6C5E982D14023300D8FC04 /* Frameworks */ = {
			isa = PBXGroup;
			children = (
			);
			name = Frameworks;
			sourceTree = "<group>";
		};
		1F87E0B72D12D98C00E974E5 /* Model */ = {
			isa = PBXGroup;
			children = (
				1F5DACE52D119CC1000FD99F /* LoginView.swift */,
				1F5DACEB2D11EDF5000FD99F /* RegistrationView.swift */,
			);
			path = Model;
			sourceTree = "<group>";
		};
		1F87E0B82D12D99D00E974E5 /* ViewModel */ = {
			isa = PBXGroup;
			children = (
				1F87E0B92D12DA0E00E974E5 /* AuthViewModel.swift */,
			);
			name = ViewModel;
			sourceTree = "<group>";
		};
/* End PBXGroup section */

/* Begin PBXNativeTarget section */
		1F4B04EA2D0B680600414D6D /* birEsnaf */ = {
			isa = PBXNativeTarget;
			buildConfigurationList = 1F4B04F92D0B680700414D6D /* Build configuration list for PBXNativeTarget "birEsnaf" */;
			buildPhases = (
				1F4B04E72D0B680600414D6D /* Sources */,
				1F4B04E82D0B680600414D6D /* Frameworks */,
				1F4B04E92D0B680600414D6D /* Resources */,
			);
			buildRules = (
			);
			dependencies = (
			);
			name = birEsnaf;
			packageProductDependencies = (
				1FD400C92D10BBF9000615D9 /* FirebaseAnalytics */,
				1FD400CB2D10BBF9000615D9 /* FirebaseAuth */,
				1FD400CD2D10BBF9000615D9 /* FirebaseAuthCombine-Community */,
				1FD400CF2D10BBF9000615D9 /* FirebaseDatabase */,
				1F6C5E992D14023300D8FC04 /* FirebaseFirestore */,
				1F6C5E9B2D14024C00D8FC04 /* FirebaseStorage */,
			);
			productName = birEsnaf;
			productReference = 1F4B04EB2D0B680600414D6D /* birEsnaf.app */;
			productType = "com.apple.product-type.application";
		};
/* End PBXNativeTarget section */

/* Begin PBXProject section */
		1F4B04E32D0B680600414D6D /* Project object */ = {
			isa = PBXProject;
			attributes = {
				BuildIndependentTargetsInParallel = 1;
				LastSwiftUpdateCheck = 1530;
				LastUpgradeCheck = 1530;
				TargetAttributes = {
					1F4B04EA2D0B680600414D6D = {
						CreatedOnToolsVersion = 15.3;
					};
				};
			};
			buildConfigurationList = 1F4B04E62D0B680600414D6D /* Build configuration list for PBXProject "birEsnaf" */;
			compatibilityVersion = "Xcode 14.0";
			developmentRegion = en;
			hasScannedForEncodings = 0;
			knownRegions = (
				en,
				Base,
			);
			mainGroup = 1F4B04E22D0B680600414D6D;
			packageReferences = (
				1FD400C82D10BBF9000615D9 /* XCRemoteSwiftPackageReference "firebase-ios-sdk" */,
			);
			productRefGroup = 1F4B04EC2D0B680600414D6D /* Products */;
			projectDirPath = "";
			projectRoot = "";
			targets = (
				1F4B04EA2D0B680600414D6D /* birEsnaf */,
			);
		};
/* End PBXProject section */

/* Begin PBXResourcesBuildPhase section */
		1F4B04E92D0B680600414D6D /* Resources */ = {
			isa = PBXResourcesBuildPhase;
			buildActionMask = 2147483647;
			files = (
				1F4B04F62D0B680700414D6D /* Preview Assets.xcassets in Resources */,
				1F4B04F32D0B680700414D6D /* Assets.xcassets in Resources */,
				1F87E0B42D12D74F00E974E5 /* GoogleService-Info.plist in Resources */,
			);
			runOnlyForDeploymentPostprocessing = 0;
		};
/* End PBXResourcesBuildPhase section */

/* Begin PBXSourcesBuildPhase section */
		1F4B04E72D0B680600414D6D /* Sources */ = {
			isa = PBXSourcesBuildPhase;
			buildActionMask = 2147483647;
			files = (
				1FD400BF2D0E0875000615D9 /* SignUp.swift in Sources */,
				1F4B04FE2D0B69B000414D6D /* Login.swift in Sources */,
				1F534EF42D1899D20078C22B /* CompanyView.swift in Sources */,
				1FA970E12D0C6690005BC270 /* GradientButton.swift in Sources */,
				1F5DACEC2D11EDF5000FD99F /* RegistrationView.swift in Sources */,
				1F534EF22D1899C20078C22B /* ProductView.swift in Sources */,
				1F5DACF02D11FACF000FD99F /* SettingsRowView.swift in Sources */,
				1F534EF02D1899990078C22B /* MainTabView.swift in Sources */,
				1FD400C12D0E0EC5000615D9 /* ForgotPassword.swift in Sources */,
				1F4B04F12D0B680600414D6D /* ContentView.swift in Sources */,
				1F5DACF22D11FCBD000FD99F /* User.swift in Sources */,
				1F87E0BA2D12DA0E00E974E5 /* AuthViewModel.swift in Sources */,
				1FD400C32D0E1C5C000615D9 /* PasswordResetView.swift in Sources */,
				1F5DACEE2D11F71B000FD99F /* ProfileView.swift in Sources */,
				1FD400C52D0E1E7A000615D9 /* OTPView.swift in Sources */,
				1F5DACEA2D11A117000FD99F /* Constants.swift in Sources */,
				1F4B05012D0B6B5F00414D6D /* View+Extensions.swift in Sources */,
				1F5DACE62D119CC1000FD99F /* LoginView.swift in Sources */,
				1F5DACE82D119FB6000FD99F /* InputView.swift in Sources */,
				1F4B04EF2D0B680600414D6D /* birEsnafApp.swift in Sources */,
				1F534EF62D1899E40078C22B /* ShopView.swift in Sources */,
				1F12DE5D2D0B74D40074145F /* CustomTextField.swift in Sources */,
			);
			runOnlyForDeploymentPostprocessing = 0;
		};
/* End PBXSourcesBuildPhase section */

/* Begin XCBuildConfiguration section */
		1F4B04F72D0B680700414D6D /* Debug */ = {
			isa = XCBuildConfiguration;
			buildSettings = {
				ALWAYS_SEARCH_USER_PATHS = NO;
				ASSETCATALOG_COMPILER_GENERATE_SWIFT_ASSET_SYMBOL_EXTENSIONS = YES;
				CLANG_ANALYZER_NONNULL = YES;
				CLANG_ANALYZER_NUMBER_OBJECT_CONVERSION = YES_AGGRESSIVE;
				CLANG_CXX_LANGUAGE_STANDARD = "gnu++20";
				CLANG_ENABLE_MODULES = YES;
				CLANG_ENABLE_OBJC_ARC = YES;
				CLANG_ENABLE_OBJC_WEAK = YES;
				CLANG_WARN_BLOCK_CAPTURE_AUTORELEASING = YES;
				CLANG_WARN_BOOL_CONVERSION = YES;
				CLANG_WARN_COMMA = YES;
				CLANG_WARN_CONSTANT_CONVERSION = YES;
				CLANG_WARN_DEPRECATED_OBJC_IMPLEMENTATIONS = YES;
				CLANG_WARN_DIRECT_OBJC_ISA_USAGE = YES_ERROR;
				CLANG_WARN_DOCUMENTATION_COMMENTS = YES;
				CLANG_WARN_EMPTY_BODY = YES;
				CLANG_WARN_ENUM_CONVERSION = YES;
				CLANG_WARN_INFINITE_RECURSION = YES;
				CLANG_WARN_INT_CONVERSION = YES;
				CLANG_WARN_NON_LITERAL_NULL_CONVERSION = YES;
				CLANG_WARN_OBJC_IMPLICIT_RETAIN_SELF = YES;
				CLANG_WARN_OBJC_LITERAL_CONVERSION = YES;
				CLANG_WARN_OBJC_ROOT_CLASS = YES_ERROR;
				CLANG_WARN_QUOTED_INCLUDE_IN_FRAMEWORK_HEADER = YES;
				CLANG_WARN_RANGE_LOOP_ANALYSIS = YES;
				CLANG_WARN_STRICT_PROTOTYPES = YES;
				CLANG_WARN_SUSPICIOUS_MOVE = YES;
				CLANG_WARN_UNGUARDED_AVAILABILITY = YES_AGGRESSIVE;
				CLANG_WARN_UNREACHABLE_CODE = YES;
				CLANG_WARN__DUPLICATE_METHOD_MATCH = YES;
				COPY_PHASE_STRIP = NO;
				DEBUG_INFORMATION_FORMAT = dwarf;
				ENABLE_STRICT_OBJC_MSGSEND = YES;
				ENABLE_TESTABILITY = YES;
				ENABLE_USER_SCRIPT_SANDBOXING = YES;
				GCC_C_LANGUAGE_STANDARD = gnu17;
				GCC_DYNAMIC_NO_PIC = NO;
				GCC_NO_COMMON_BLOCKS = YES;
				GCC_OPTIMIZATION_LEVEL = 0;
				GCC_PREPROCESSOR_DEFINITIONS = (
					"DEBUG=1",
					"$(inherited)",
				);
				GCC_WARN_64_TO_32_BIT_CONVERSION = YES;
				GCC_WARN_ABOUT_RETURN_TYPE = YES_ERROR;
				GCC_WARN_UNDECLARED_SELECTOR = YES;
				GCC_WARN_UNINITIALIZED_AUTOS = YES_AGGRESSIVE;
				GCC_WARN_UNUSED_FUNCTION = YES;
				GCC_WARN_UNUSED_VARIABLE = YES;
				IPHONEOS_DEPLOYMENT_TARGET = 17.4;
				LOCALIZATION_PREFERS_STRING_CATALOGS = YES;
				MTL_ENABLE_DEBUG_INFO = INCLUDE_SOURCE;
				MTL_FAST_MATH = YES;
				ONLY_ACTIVE_ARCH = YES;
				SDKROOT = iphoneos;
				SWIFT_ACTIVE_COMPILATION_CONDITIONS = "DEBUG $(inherited)";
				SWIFT_OPTIMIZATION_LEVEL = "-Onone";
			};
			name = Debug;
		};
		1F4B04F82D0B680700414D6D /* Release */ = {
			isa = XCBuildConfiguration;
			buildSettings = {
				ALWAYS_SEARCH_USER_PATHS = NO;
				ASSETCATALOG_COMPILER_GENERATE_SWIFT_ASSET_SYMBOL_EXTENSIONS = YES;
				CLANG_ANALYZER_NONNULL = YES;
				CLANG_ANALYZER_NUMBER_OBJECT_CONVERSION = YES_AGGRESSIVE;
				CLANG_CXX_LANGUAGE_STANDARD = "gnu++20";
				CLANG_ENABLE_MODULES = YES;
				CLANG_ENABLE_OBJC_ARC = YES;
				CLANG_ENABLE_OBJC_WEAK = YES;
				CLANG_WARN_BLOCK_CAPTURE_AUTORELEASING = YES;
				CLANG_WARN_BOOL_CONVERSION = YES;
				CLANG_WARN_COMMA = YES;
				CLANG_WARN_CONSTANT_CONVERSION = YES;
				CLANG_WARN_DEPRECATED_OBJC_IMPLEMENTATIONS = YES;
				CLANG_WARN_DIRECT_OBJC_ISA_USAGE = YES_ERROR;
				CLANG_WARN_DOCUMENTATION_COMMENTS = YES;
				CLANG_WARN_EMPTY_BODY = YES;
				CLANG_WARN_ENUM_CONVERSION = YES;
				CLANG_WARN_INFINITE_RECURSION = YES;
				CLANG_WARN_INT_CONVERSION = YES;
				CLANG_WARN_NON_LITERAL_NULL_CONVERSION = YES;
				CLANG_WARN_OBJC_IMPLICIT_RETAIN_SELF = YES;
				CLANG_WARN_OBJC_LITERAL_CONVERSION = YES;
				CLANG_WARN_OBJC_ROOT_CLASS = YES_ERROR;
				CLANG_WARN_QUOTED_INCLUDE_IN_FRAMEWORK_HEADER = YES;
				CLANG_WARN_RANGE_LOOP_ANALYSIS = YES;
				CLANG_WARN_STRICT_PROTOTYPES = YES;
				CLANG_WARN_SUSPICIOUS_MOVE = YES;
				CLANG_WARN_UNGUARDED_AVAILABILITY = YES_AGGRESSIVE;
				CLANG_WARN_UNREACHABLE_CODE = YES;
				CLANG_WARN__DUPLICATE_METHOD_MATCH = YES;
				COPY_PHASE_STRIP = NO;
				DEBUG_INFORMATION_FORMAT = "dwarf-with-dsym";
				ENABLE_NS_ASSERTIONS = NO;
				ENABLE_STRICT_OBJC_MSGSEND = YES;
				ENABLE_USER_SCRIPT_SANDBOXING = YES;
				GCC_C_LANGUAGE_STANDARD = gnu17;
				GCC_NO_COMMON_BLOCKS = YES;
				GCC_WARN_64_TO_32_BIT_CONVERSION = YES;
				GCC_WARN_ABOUT_RETURN_TYPE = YES_ERROR;
				GCC_WARN_UNDECLARED_SELECTOR = YES;
				GCC_WARN_UNINITIALIZED_AUTOS = YES_AGGRESSIVE;
				GCC_WARN_UNUSED_FUNCTION = YES;
				GCC_WARN_UNUSED_VARIABLE = YES;
				IPHONEOS_DEPLOYMENT_TARGET = 17.4;
				LOCALIZATION_PREFERS_STRING_CATALOGS = YES;
				MTL_ENABLE_DEBUG_INFO = NO;
				MTL_FAST_MATH = YES;
				SDKROOT = iphoneos;
				SWIFT_COMPILATION_MODE = wholemodule;
				VALIDATE_PRODUCT = YES;
			};
			name = Release;
		};
		1F4B04FA2D0B680700414D6D /* Debug */ = {
			isa = XCBuildConfiguration;
			buildSettings = {
				ASSETCATALOG_COMPILER_APPICON_NAME = AppIcon;
				ASSETCATALOG_COMPILER_GLOBAL_ACCENT_COLOR_NAME = AccentColor;
				CODE_SIGN_STYLE = Automatic;
				CURRENT_PROJECT_VERSION = 1;
				DEVELOPMENT_ASSET_PATHS = "\"birEsnaf/Preview Content\"";
				DEVELOPMENT_TEAM = CG2DGVAM4V;
				ENABLE_PREVIEWS = YES;
				GENERATE_INFOPLIST_FILE = YES;
				INFOPLIST_KEY_UIApplicationSceneManifest_Generation = YES;
				INFOPLIST_KEY_UIApplicationSupportsIndirectInputEvents = YES;
				INFOPLIST_KEY_UILaunchScreen_Generation = YES;
				INFOPLIST_KEY_UISupportedInterfaceOrientations_iPad = "UIInterfaceOrientationPortrait UIInterfaceOrientationPortraitUpsideDown UIInterfaceOrientationLandscapeLeft UIInterfaceOrientationLandscapeRight";
				INFOPLIST_KEY_UISupportedInterfaceOrientations_iPhone = "UIInterfaceOrientationPortrait UIInterfaceOrientationLandscapeLeft UIInterfaceOrientationLandscapeRight";
				LD_RUNPATH_SEARCH_PATHS = (
					"$(inherited)",
					"@executable_path/Frameworks",
				);
				MARKETING_VERSION = 1.0;
				PRODUCT_BUNDLE_IDENTIFIER = SeymaArslan.birEsnaf;
				PRODUCT_NAME = "$(TARGET_NAME)";
				SWIFT_EMIT_LOC_STRINGS = YES;
				SWIFT_VERSION = 5.0;
				TARGETED_DEVICE_FAMILY = "1,2";
			};
			name = Debug;
		};
		1F4B04FB2D0B680700414D6D /* Release */ = {
			isa = XCBuildConfiguration;
			buildSettings = {
				ASSETCATALOG_COMPILER_APPICON_NAME = AppIcon;
				ASSETCATALOG_COMPILER_GLOBAL_ACCENT_COLOR_NAME = AccentColor;
				CODE_SIGN_STYLE = Automatic;
				CURRENT_PROJECT_VERSION = 1;
				DEVELOPMENT_ASSET_PATHS = "\"birEsnaf/Preview Content\"";
				DEVELOPMENT_TEAM = CG2DGVAM4V;
				ENABLE_PREVIEWS = YES;
				GENERATE_INFOPLIST_FILE = YES;
				INFOPLIST_KEY_UIApplicationSceneManifest_Generation = YES;
				INFOPLIST_KEY_UIApplicationSupportsIndirectInputEvents = YES;
				INFOPLIST_KEY_UILaunchScreen_Generation = YES;
				INFOPLIST_KEY_UISupportedInterfaceOrientations_iPad = "UIInterfaceOrientationPortrait UIInterfaceOrientationPortraitUpsideDown UIInterfaceOrientationLandscapeLeft UIInterfaceOrientationLandscapeRight";
				INFOPLIST_KEY_UISupportedInterfaceOrientations_iPhone = "UIInterfaceOrientationPortrait UIInterfaceOrientationLandscapeLeft UIInterfaceOrientationLandscapeRight";
				LD_RUNPATH_SEARCH_PATHS = (
					"$(inherited)",
					"@executable_path/Frameworks",
				);
				MARKETING_VERSION = 1.0;
				PRODUCT_BUNDLE_IDENTIFIER = SeymaArslan.birEsnaf;
				PRODUCT_NAME = "$(TARGET_NAME)";
				SWIFT_EMIT_LOC_STRINGS = YES;
				SWIFT_VERSION = 5.0;
				TARGETED_DEVICE_FAMILY = "1,2";
			};
			name = Release;
		};
/* End XCBuildConfiguration section */

/* Begin XCConfigurationList section */
		1F4B04E62D0B680600414D6D /* Build configuration list for PBXProject "birEsnaf" */ = {
			isa = XCConfigurationList;
			buildConfigurations = (
				1F4B04F72D0B680700414D6D /* Debug */,
				1F4B04F82D0B680700414D6D /* Release */,
			);
			defaultConfigurationIsVisible = 0;
			defaultConfigurationName = Release;
		};
		1F4B04F92D0B680700414D6D /* Build configuration list for PBXNativeTarget "birEsnaf" */ = {
			isa = XCConfigurationList;
			buildConfigurations = (
				1F4B04FA2D0B680700414D6D /* Debug */,
				1F4B04FB2D0B680700414D6D /* Release */,
			);
			defaultConfigurationIsVisible = 0;
			defaultConfigurationName = Release;
		};
/* End XCConfigurationList section */

/* Begin XCRemoteSwiftPackageReference section */
		1FD400C82D10BBF9000615D9 /* XCRemoteSwiftPackageReference "firebase-ios-sdk" */ = {
			isa = XCRemoteSwiftPackageReference;
			repositoryURL = "https://github.com/firebase/firebase-ios-sdk.git";
			requirement = {
				kind = upToNextMajorVersion;
				minimumVersion = 11.6.0;
			};
		};
/* End XCRemoteSwiftPackageReference section */

/* Begin XCSwiftPackageProductDependency section */
		1F6C5E992D14023300D8FC04 /* FirebaseFirestore */ = {
			isa = XCSwiftPackageProductDependency;
			package = 1FD400C82D10BBF9000615D9 /* XCRemoteSwiftPackageReference "firebase-ios-sdk" */;
			productName = FirebaseFirestore;
		};
		1F6C5E9B2D14024C00D8FC04 /* FirebaseStorage */ = {
			isa = XCSwiftPackageProductDependency;
			package = 1FD400C82D10BBF9000615D9 /* XCRemoteSwiftPackageReference "firebase-ios-sdk" */;
			productName = FirebaseStorage;
		};
		1FD400C92D10BBF9000615D9 /* FirebaseAnalytics */ = {
			isa = XCSwiftPackageProductDependency;
			package = 1FD400C82D10BBF9000615D9 /* XCRemoteSwiftPackageReference "firebase-ios-sdk" */;
			productName = FirebaseAnalytics;
		};
		1FD400CB2D10BBF9000615D9 /* FirebaseAuth */ = {
			isa = XCSwiftPackageProductDependency;
			package = 1FD400C82D10BBF9000615D9 /* XCRemoteSwiftPackageReference "firebase-ios-sdk" */;
			productName = FirebaseAuth;
		};
		1FD400CD2D10BBF9000615D9 /* FirebaseAuthCombine-Community */ = {
			isa = XCSwiftPackageProductDependency;
			package = 1FD400C82D10BBF9000615D9 /* XCRemoteSwiftPackageReference "firebase-ios-sdk" */;
			productName = "FirebaseAuthCombine-Community";
		};
		1FD400CF2D10BBF9000615D9 /* FirebaseDatabase */ = {
			isa = XCSwiftPackageProductDependency;
			package = 1FD400C82D10BBF9000615D9 /* XCRemoteSwiftPackageReference "firebase-ios-sdk" */;
			productName = FirebaseDatabase;
		};
/* End XCSwiftPackageProductDependency section */
	};
	rootObject = 1F4B04E32D0B680600414D6D /* Project object */;
}
